
Microsoft Visual Studio Solution File, Format Version 12.00
# Visual Studio 14
VisualStudioVersion = 14.0.25420.1
MinimumVisualStudioVersion = 10.0.40219.1
Project("{FAE04EC0-301F-11D3-BF4B-00C04F79EFBC}") = "FootballOracle", "FootballOracle\FootballOracle.csproj", "{45DD89C4-802C-4D8D-B2F8-44452869C091}"
EndProject
Project("{FAE04EC0-301F-11D3-BF4B-00C04F79EFBC}") = "FootballOracle_DataServices", "FootballOracle_DataServices\FootballOracle_DataServices.csproj", "{9BF5A55C-41B9-4D69-BE39-76DE8D080187}"
EndProject
Project("{FAE04EC0-301F-11D3-BF4B-00C04F79EFBC}") = "FootballOracle_Data", "FootballOracle_Data\FootballOracle_Data.csproj", "{B755D72C-78B6-4D11-9B3D-9140A26E24C7}"
EndProject
Global
	GlobalSection(SolutionConfigurationPlatforms) = preSolution
		Debug|Any CPU = Debug|Any CPU
		Release|Any CPU = Release|Any CPU
	EndGlobalSection
	GlobalSection(ProjectConfigurationPlatforms) = postSolution
		{45DD89C4-802C-4D8D-B2F8-44452869C091}.Debug|Any CPU.ActiveCfg = Debug|Any CPU
		{45DD89C4-802C-4D8D-B2F8-44452869C091}.Debug|Any CPU.Build.0 = Debug|Any CPU
		{45DD89C4-802C-4D8D-B2F8-44452869C091}.Release|Any CPU.ActiveCfg = Release|Any CPU
		{45DD89C4-802C-4D8D-B2F8-44452869C091}.Release|Any CPU.Build.0 = Release|Any CPU
		{9BF5A55C-41B9-4D69-BE39-76DE8D080187}.Debug|Any CPU.ActiveCfg = Debug|Any CPU
		{9BF5A55C-41B9-4D69-BE39-76DE8D080187}.Debug|Any CPU.Build.0 = Debug|Any CPU
		{9BF5A55C-41B9-4D69-BE39-76DE8D080187}.Release|Any CPU.ActiveCfg = Release|Any CPU
		{9BF5A55C-41B9-4D69-BE39-76DE8D080187}.Release|Any CPU.Build.0 = Release|Any CPU
		{B755D72C-78B6-4D11-9B3D-9140A26E24C7}.Debug|Any CPU.ActiveCfg = Debug|Any CPU
		{B755D72C-78B6-4D11-9B3D-9140A26E24C7}.Debug|Any CPU.Build.0 = Debug|Any CPU
		{B755D72C-78B6-4D11-9B3D-9140A26E24C7}.Release|Any CPU.ActiveCfg = Release|Any CPU
		{B755D72C-78B6-4D11-9B3D-9140A26E24C7}.Release|Any CPU.Build.0 = Release|Any CPU
	EndGlobalSection
	GlobalSection(SolutionProperties) = preSolution
		HideSolutionNode = FALSE
	EndGlobalSection
EndGlobal
